version = 1
revision = 2
requires-python = ">=3.13"

[[package]]
name = "asgiref"
version = "3.9.1"
source = { registry = "https://pypi.org/simple" }
sdist = { url = "https://files.pythonhosted.org/packages/90/61/0aa957eec22ff70b830b22ff91f825e70e1ef732c06666a805730f28b36b/asgiref-3.9.1.tar.gz", hash = "sha256:a5ab6582236218e5ef1648f242fd9f10626cfd4de8dc377db215d5d5098e3142", size = 36870, upload-time = "2025-07-08T09:07:43.344Z" }
wheels = [
    { url = "https://files.pythonhosted.org/packages/7c/3c/0464dcada90d5da0e71018c04a140ad6349558afb30b3051b4264cc5b965/asgiref-3.9.1-py3-none-any.whl", hash = "sha256:f3bba7092a48005b5f5bacd747d36ee4a5a61f4a269a6df590b43144355ebd2c", size = 23790, upload-time = "2025-07-08T09:07:41.548Z" },
]

[[package]]
name = "attrs"
version = "25.3.0"
source = { registry = "https://pypi.org/simple" }
sdist = { url = "https://files.pythonhosted.org/packages/5a/b0/1367933a8532ee6ff8d63537de4f1177af4bff9f3e829baf7331f595bb24/attrs-25.3.0.tar.gz", hash = "sha256:75d7cefc7fb576747b2c81b4442d4d4a1ce0900973527c011d1030fd3bf4af1b", size = 812032, upload-time = "2025-03-13T11:10:22.779Z" }
wheels = [
    { url = "https://files.pythonhosted.org/packages/77/06/bb80f5f86020c4551da315d78b3ab75e8228f89f0162f2c3a819e407941a/attrs-25.3.0-py3-none-any.whl", hash = "sha256:427318ce031701fea540783410126f03899a97ffc6f61596ad581ac2e40e3bc3", size = 63815, upload-time = "2025-03-13T11:10:21.14Z" },
]

[[package]]
name = "colorama"
version = "0.4.6"
source = { registry = "https://pypi.org/simple" }
sdist = { url = "https://files.pythonhosted.org/packages/d8/53/6f443c9a4a8358a93a6792e2acffb9d9d5cb0a5cfd8802644b7b1c9a02e4/colorama-0.4.6.tar.gz", hash = "sha256:08695f5cb7ed6e0531a20572697297273c47b8cae5a63ffc6d6ed5c201be6e44", size = 27697, upload-time = "2022-10-25T02:36:22.414Z" }
wheels = [
    { url = "https://files.pythonhosted.org/packages/d1/d6/3965ed04c63042e047cb6a3e6ed1a63a35087b6a609aa3a15ed8ac56c221/colorama-0.4.6-py2.py3-none-any.whl", hash = "sha256:4f1d9991f5acc0ca119f9d443620b77f9d6b33703e51011c16baf57afb285fc6", size = 25335, upload-time = "2022-10-25T02:36:20.889Z" },
]

[[package]]
name = "django"
version = "5.2.4"
source = { registry = "https://pypi.org/simple" }
dependencies = [
    { name = "asgiref" },
    { name = "sqlparse" },
    { name = "tzdata", marker = "sys_platform == 'win32'" },
]
sdist = { url = "https://files.pythonhosted.org/packages/9c/7e/034f0f9fb10c029a02daaf44d364d6bf2eced8c73f0d38c69da359d26b01/django-5.2.4.tar.gz", hash = "sha256:a1228c384f8fa13eebc015196db7b3e08722c5058d4758d20cb287503a540d8f", size = 10831909, upload-time = "2025-07-02T18:47:39.19Z" }
wheels = [
    { url = "https://files.pythonhosted.org/packages/14/ae/706965237a672434c8b520e89a818e8b047af94e9beb342d0bee405c26c7/django-5.2.4-py3-none-any.whl", hash = "sha256:60c35bd96201b10c6e7a78121bd0da51084733efa303cc19ead021ab179cef5e", size = 8302187, upload-time = "2025-07-02T18:47:35.373Z" },
]

[[package]]
name = "django-rest-framework"
version = "0.1.0"
source = { registry = "https://pypi.org/simple" }
dependencies = [
    { name = "djangorestframework" },
]
sdist = { url = "https://files.pythonhosted.org/packages/ed/d2/61159bc6efd1bf16adc4a2a48f7ace2080d1f7aef054f606d1857cab490c/django-rest-framework-0.1.0.tar.gz", hash = "sha256:47a8f496fa69e3b6bd79f68dd7a1527d907d6b77f009e9db7cf9bb21cc565e4a", size = 969, upload-time = "2017-07-20T17:14:33.345Z" }

[[package]]
name = "django-types"
version = "0.22.0"
source = { registry = "https://pypi.org/simple" }
dependencies = [
    { name = "types-psycopg2" },
]
sdist = { url = "https://files.pythonhosted.org/packages/3d/26/5f2873f7208dee0791710fda494a8d3ef7fb1d34785069b55168a23e2ac2/django_types-0.22.0.tar.gz", hash = "sha256:4cecc9eee846e7ff2a398bec9dfe6543e76efb922a7a58c5d6064bcb0e6a3dc5", size = 187214, upload-time = "2025-07-15T01:05:48.039Z" }
wheels = [
    { url = "https://files.pythonhosted.org/packages/82/3a/0ecbaab07cfe7b0a4fd72dfde4be8e7c11aad2b88c816cfcbb800c14cbda/django_types-0.22.0-py3-none-any.whl", hash = "sha256:ba15c756c7a732e58afd0737e54489f1c5e6f1bd24132e9199c637b1f88b057c", size = 376869, upload-time = "2025-07-15T01:05:46.621Z" },
]

[[package]]
name = "djangorestframework"
version = "3.16.0"
source = { registry = "https://pypi.org/simple" }
dependencies = [
    { name = "django" },
]
sdist = { url = "https://files.pythonhosted.org/packages/7d/97/112c5a72e6917949b6d8a18ad6c6e72c46da4290c8f36ee5f1c1dcbc9901/djangorestframework-3.16.0.tar.gz", hash = "sha256:f022ff46613584de994c0c6a4aebbace5fd700555fbe9d33b865ebf173eba6c9", size = 1068408, upload-time = "2025-03-28T14:18:42.065Z" }
wheels = [
    { url = "https://files.pythonhosted.org/packages/eb/3e/2448e93f4f87fc9a9f35e73e3c05669e0edd0c2526834686e949bb1fd303/djangorestframework-3.16.0-py3-none-any.whl", hash = "sha256:bea7e9f6b96a8584c5224bfb2e4348dfb3f8b5e34edbecb98da258e892089361", size = 1067305, upload-time = "2025-03-28T14:18:39.489Z" },
]

[[package]]
name = "djangorestframework-types"
version = "0.9.0"
source = { registry = "https://pypi.org/simple" }
sdist = { url = "https://files.pythonhosted.org/packages/d6/5d/1a21a5fd10ad9980dcb934b8221934dee2b6b97af5edc58cb169558c0831/djangorestframework_types-0.9.0.tar.gz", hash = "sha256:aa6b27fbdab5ff4ab1dfa5376f3b6ec45713ce48dbcdd4226bf3e1410f0deaca", size = 32521, upload-time = "2024-10-10T00:42:04.01Z" }
wheels = [
    { url = "https://files.pythonhosted.org/packages/a4/5f/d908ce938356b209d4d27a7fb159ab9100b8814396a69c0204bb66e38703/djangorestframework_types-0.9.0-py3-none-any.whl", hash = "sha256:5e4258fe43774d0a3d018780170bd702bf615407fe244453ea5ec6e6676b98c4", size = 54947, upload-time = "2024-10-10T00:42:02.311Z" },
]

[[package]]
name = "drf-spectacular"
version = "0.28.0"
source = { registry = "https://pypi.org/simple" }
dependencies = [
    { name = "django" },
    { name = "djangorestframework" },
    { name = "inflection" },
    { name = "jsonschema" },
    { name = "pyyaml" },
    { name = "uritemplate" },
]
sdist = { url = "https://files.pythonhosted.org/packages/da/b9/741056455aed00fa51a1df41fad5ad27c8e0d433b6bf490d4e60e2808bc6/drf_spectacular-0.28.0.tar.gz", hash = "sha256:2c778a47a40ab2f5078a7c42e82baba07397bb35b074ae4680721b2805943061", size = 237849, upload-time = "2024-11-30T08:49:02.355Z" }
wheels = [
    { url = "https://files.pythonhosted.org/packages/fb/66/c2929871393b1515c3767a670ff7d980a6882964a31a4ca2680b30d7212a/drf_spectacular-0.28.0-py3-none-any.whl", hash = "sha256:856e7edf1056e49a4245e87a61e8da4baff46c83dbc25be1da2df77f354c7cb4", size = 103928, upload-time = "2024-11-30T08:48:57.288Z" },
]

[[package]]
name = "inflection"
version = "0.5.1"
source = { registry = "https://pypi.org/simple" }
sdist = { url = "https://files.pythonhosted.org/packages/e1/7e/691d061b7329bc8d54edbf0ec22fbfb2afe61facb681f9aaa9bff7a27d04/inflection-0.5.1.tar.gz", hash = "sha256:1a29730d366e996aaacffb2f1f1cb9593dc38e2ddd30c91250c6dde09ea9b417", size = 15091, upload-time = "2020-08-22T08:16:29.139Z" }
wheels = [
    { url = "https://files.pythonhosted.org/packages/59/91/aa6bde563e0085a02a435aa99b49ef75b0a4b062635e606dab23ce18d720/inflection-0.5.1-py2.py3-none-any.whl", hash = "sha256:f38b2b640938a4f35ade69ac3d053042959b62a0f1076a5bbaa1b9526605a8a2", size = 9454, upload-time = "2020-08-22T08:16:27.816Z" },
]

[[package]]
name = "iniconfig"
version = "2.1.0"
source = { registry = "https://pypi.org/simple" }
sdist = { url = "https://files.pythonhosted.org/packages/f2/97/ebf4da567aa6827c909642694d71c9fcf53e5b504f2d96afea02718862f3/iniconfig-2.1.0.tar.gz", hash = "sha256:3abbd2e30b36733fee78f9c7f7308f2d0050e88f0087fd25c2645f63c773e1c7", size = 4793, upload-time = "2025-03-19T20:09:59.721Z" }
wheels = [
    { url = "https://files.pythonhosted.org/packages/2c/e1/e6716421ea10d38022b952c159d5161ca1193197fb744506875fbb87ea7b/iniconfig-2.1.0-py3-none-any.whl", hash = "sha256:9deba5723312380e77435581c6bf4935c94cbfab9b1ed33ef8d238ea168eb760", size = 6050, upload-time = "2025-03-19T20:10:01.071Z" },
]

[[package]]
name = "jsonschema"
version = "4.25.0"
source = { registry = "https://pypi.org/simple" }
dependencies = [
    { name = "attrs" },
    { name = "jsonschema-specifications" },
    { name = "referencing" },
    { name = "rpds-py" },
]
sdist = { url = "https://files.pythonhosted.org/packages/d5/00/a297a868e9d0784450faa7365c2172a7d6110c763e30ba861867c32ae6a9/jsonschema-4.25.0.tar.gz", hash = "sha256:e63acf5c11762c0e6672ffb61482bdf57f0876684d8d249c0fe2d730d48bc55f", size = 356830, upload-time = "2025-07-18T15:39:45.11Z" }
wheels = [
    { url = "https://files.pythonhosted.org/packages/fe/54/c86cd8e011fe98803d7e382fd67c0df5ceab8d2b7ad8c5a81524f791551c/jsonschema-4.25.0-py3-none-any.whl", hash = "sha256:24c2e8da302de79c8b9382fee3e76b355e44d2a4364bb207159ce10b517bd716", size = 89184, upload-time = "2025-07-18T15:39:42.956Z" },
]

[[package]]
name = "jsonschema-specifications"
version = "2025.4.1"
source = { registry = "https://pypi.org/simple" }
dependencies = [
    { name = "referencing" },
]
sdist = { url = "https://files.pythonhosted.org/packages/bf/ce/46fbd9c8119cfc3581ee5643ea49464d168028cfb5caff5fc0596d0cf914/jsonschema_specifications-2025.4.1.tar.gz", hash = "sha256:630159c9f4dbea161a6a2205c3011cc4f18ff381b189fff48bb39b9bf26ae608", size = 15513, upload-time = "2025-04-23T12:34:07.418Z" }
wheels = [
    { url = "https://files.pythonhosted.org/packages/01/0e/b27cdbaccf30b890c40ed1da9fd4a3593a5cf94dae54fb34f8a4b74fcd3f/jsonschema_specifications-2025.4.1-py3-none-any.whl", hash = "sha256:4653bffbd6584f7de83a67e0d620ef16900b390ddc7939d56684d6c81e33f1af", size = 18437, upload-time = "2025-04-23T12:34:05.422Z" },
]

[[package]]
name = "nodeenv"
version = "1.9.1"
source = { registry = "https://pypi.org/simple" }
sdist = { url = "https://files.pythonhosted.org/packages/43/16/fc88b08840de0e0a72a2f9d8c6bae36be573e475a6326ae854bcc549fc45/nodeenv-1.9.1.tar.gz", hash = "sha256:6ec12890a2dab7946721edbfbcd91f3319c6ccc9aec47be7c7e6b7011ee6645f", size = 47437, upload-time = "2024-06-04T18:44:11.171Z" }
wheels = [
    { url = "https://files.pythonhosted.org/packages/d2/1d/1b658dbd2b9fa9c4c9f32accbfc0205d532c8c6194dc0f2a4c0428e7128a/nodeenv-1.9.1-py2.py3-none-any.whl", hash = "sha256:ba11c9782d29c27c70ffbdda2d7415098754709be8a7056d79a737cd901155c9", size = 22314, upload-time = "2024-06-04T18:44:08.352Z" },
]

[[package]]
name = "packaging"
version = "25.0"
source = { registry = "https://pypi.org/simple" }
sdist = { url = "https://files.pythonhosted.org/packages/a1/d4/1fc4078c65507b51b96ca8f8c3ba19e6a61c8253c72794544580a7b6c24d/packaging-25.0.tar.gz", hash = "sha256:d443872c98d677bf60f6a1f2f8c1cb748e8fe762d2bf9d3148b5599295b0fc4f", size = 165727, upload-time = "2025-04-19T11:48:59.673Z" }
wheels = [
    { url = "https://files.pythonhosted.org/packages/20/12/38679034af332785aac8774540895e234f4d07f7545804097de4b666afd8/packaging-25.0-py3-none-any.whl", hash = "sha256:29572ef2b1f17581046b3a2227d5c611fb25ec70ca1ba8554b24b0e69331a484", size = 66469, upload-time = "2025-04-19T11:48:57.875Z" },
]

[[package]]
name = "pluggy"
version = "1.6.0"
source = { registry = "https://pypi.org/simple" }
sdist = { url = "https://files.pythonhosted.org/packages/f9/e2/3e91f31a7d2b083fe6ef3fa267035b518369d9511ffab804f839851d2779/pluggy-1.6.0.tar.gz", hash = "sha256:7dcc130b76258d33b90f61b658791dede3486c3e6bfb003ee5c9bfb396dd22f3", size = 69412, upload-time = "2025-05-15T12:30:07.975Z" }
wheels = [
    { url = "https://files.pythonhosted.org/packages/54/20/4d324d65cc6d9205fabedc306948156824eb9f0ee1633355a8f7ec5c66bf/pluggy-1.6.0-py3-none-any.whl", hash = "sha256:e920276dd6813095e9377c0bc5566d94c932c33b27a3e3945d8389c374dd4746", size = 20538, upload-time = "2025-05-15T12:30:06.134Z" },
]

[[package]]
name = "pygments"
version = "2.19.2"
source = { registry = "https://pypi.org/simple" }
sdist = { url = "https://files.pythonhosted.org/packages/b0/77/a5b8c569bf593b0140bde72ea885a803b82086995367bf2037de0159d924/pygments-2.19.2.tar.gz", hash = "sha256:636cb2477cec7f8952536970bc533bc43743542f70392ae026374600add5b887", size = 4968631, upload-time = "2025-06-21T13:39:12.283Z" }
wheels = [
    { url = "https://files.pythonhosted.org/packages/c7/21/705964c7812476f378728bdf590ca4b771ec72385c533964653c68e86bdc/pygments-2.19.2-py3-none-any.whl", hash = "sha256:86540386c03d588bb81d44bc3928634ff26449851e99741617ecb9037ee5ec0b", size = 1225217, upload-time = "2025-06-21T13:39:07.939Z" },
]

[[package]]
name = "pyright"
version = "1.1.403"
source = { registry = "https://pypi.org/simple" }
dependencies = [
    { name = "nodeenv" },
    { name = "typing-extensions" },
]
sdist = { url = "https://files.pythonhosted.org/packages/fe/f6/35f885264ff08c960b23d1542038d8da86971c5d8c955cfab195a4f672d7/pyright-1.1.403.tar.gz", hash = "sha256:3ab69b9f41c67fb5bbb4d7a36243256f0d549ed3608678d381d5f51863921104", size = 3913526, upload-time = "2025-07-09T07:15:52.882Z" }
wheels = [
    { url = "https://files.pythonhosted.org/packages/49/b6/b04e5c2f41a5ccad74a1a4759da41adb20b4bc9d59a5e08d29ba60084d07/pyright-1.1.403-py3-none-any.whl", hash = "sha256:c0eeca5aa76cbef3fcc271259bbd785753c7ad7bcac99a9162b4c4c7daed23b3", size = 5684504, upload-time = "2025-07-09T07:15:50.958Z" },
]

[[package]]
name = "pytest"
version = "8.4.1"
source = { registry = "https://pypi.org/simple" }
dependencies = [
    { name = "colorama", marker = "sys_platform == 'win32'" },
    { name = "iniconfig" },
    { name = "packaging" },
    { name = "pluggy" },
    { name = "pygments" },
]
sdist = { url = "https://files.pythonhosted.org/packages/08/ba/45911d754e8eba3d5a841a5ce61a65a685ff1798421ac054f85aa8747dfb/pytest-8.4.1.tar.gz", hash = "sha256:7c67fd69174877359ed9371ec3af8a3d2b04741818c51e5e99cc1742251fa93c", size = 1517714, upload-time = "2025-06-18T05:48:06.109Z" }
wheels = [
    { url = "https://files.pythonhosted.org/packages/29/16/c8a903f4c4dffe7a12843191437d7cd8e32751d5de349d45d3fe69544e87/pytest-8.4.1-py3-none-any.whl", hash = "sha256:539c70ba6fcead8e78eebbf1115e8b589e7565830d7d006a8723f19ac8a0afb7", size = 365474, upload-time = "2025-06-18T05:48:03.955Z" },
]

[[package]]
name = "pyyaml"
version = "6.0.2"
source = { registry = "https://pypi.org/simple" }
sdist = { url = "https://files.pythonhosted.org/packages/54/ed/79a089b6be93607fa5cdaedf301d7dfb23af5f25c398d5ead2525b063e17/pyyaml-6.0.2.tar.gz", hash = "sha256:d584d9ec91ad65861cc08d42e834324ef890a082e591037abe114850ff7bbc3e", size = 130631, upload-time = "2024-08-06T20:33:50.674Z" }
wheels = [
    { url = "https://files.pythonhosted.org/packages/ef/e3/3af305b830494fa85d95f6d95ef7fa73f2ee1cc8ef5b495c7c3269fb835f/PyYAML-6.0.2-cp313-cp313-macosx_10_13_x86_64.whl", hash = "sha256:efdca5630322a10774e8e98e1af481aad470dd62c3170801852d752aa7a783ba", size = 181309, upload-time = "2024-08-06T20:32:43.4Z" },
    { url = "https://files.pythonhosted.org/packages/45/9f/3b1c20a0b7a3200524eb0076cc027a970d320bd3a6592873c85c92a08731/PyYAML-6.0.2-cp313-cp313-macosx_11_0_arm64.whl", hash = "sha256:50187695423ffe49e2deacb8cd10510bc361faac997de9efef88badc3bb9e2d1", size = 171679, upload-time = "2024-08-06T20:32:44.801Z" },
    { url = "https://files.pythonhosted.org/packages/7c/9a/337322f27005c33bcb656c655fa78325b730324c78620e8328ae28b64d0c/PyYAML-6.0.2-cp313-cp313-manylinux_2_17_aarch64.manylinux2014_aarch64.whl", hash = "sha256:0ffe8360bab4910ef1b9e87fb812d8bc0a308b0d0eef8c8f44e0254ab3b07133", size = 733428, upload-time = "2024-08-06T20:32:46.432Z" },
    { url = "https://files.pythonhosted.org/packages/a3/69/864fbe19e6c18ea3cc196cbe5d392175b4cf3d5d0ac1403ec3f2d237ebb5/PyYAML-6.0.2-cp313-cp313-manylinux_2_17_s390x.manylinux2014_s390x.whl", hash = "sha256:17e311b6c678207928d649faa7cb0d7b4c26a0ba73d41e99c4fff6b6c3276484", size = 763361, upload-time = "2024-08-06T20:32:51.188Z" },
    { url = "https://files.pythonhosted.org/packages/04/24/b7721e4845c2f162d26f50521b825fb061bc0a5afcf9a386840f23ea19fa/PyYAML-6.0.2-cp313-cp313-manylinux_2_17_x86_64.manylinux2014_x86_64.whl", hash = "sha256:70b189594dbe54f75ab3a1acec5f1e3faa7e8cf2f1e08d9b561cb41b845f69d5", size = 759523, upload-time = "2024-08-06T20:32:53.019Z" },
    { url = "https://files.pythonhosted.org/packages/2b/b2/e3234f59ba06559c6ff63c4e10baea10e5e7df868092bf9ab40e5b9c56b6/PyYAML-6.0.2-cp313-cp313-musllinux_1_1_aarch64.whl", hash = "sha256:41e4e3953a79407c794916fa277a82531dd93aad34e29c2a514c2c0c5fe971cc", size = 726660, upload-time = "2024-08-06T20:32:54.708Z" },
    { url = "https://files.pythonhosted.org/packages/fe/0f/25911a9f080464c59fab9027482f822b86bf0608957a5fcc6eaac85aa515/PyYAML-6.0.2-cp313-cp313-musllinux_1_1_x86_64.whl", hash = "sha256:68ccc6023a3400877818152ad9a1033e3db8625d899c72eacb5a668902e4d652", size = 751597, upload-time = "2024-08-06T20:32:56.985Z" },
    { url = "https://files.pythonhosted.org/packages/14/0d/e2c3b43bbce3cf6bd97c840b46088a3031085179e596d4929729d8d68270/PyYAML-6.0.2-cp313-cp313-win32.whl", hash = "sha256:bc2fa7c6b47d6bc618dd7fb02ef6fdedb1090ec036abab80d4681424b84c1183", size = 140527, upload-time = "2024-08-06T20:33:03.001Z" },
    { url = "https://files.pythonhosted.org/packages/fa/de/02b54f42487e3d3c6efb3f89428677074ca7bf43aae402517bc7cca949f3/PyYAML-6.0.2-cp313-cp313-win_amd64.whl", hash = "sha256:8388ee1976c416731879ac16da0aff3f63b286ffdd57cdeb95f3f2e085687563", size = 156446, upload-time = "2024-08-06T20:33:04.33Z" },
]

[[package]]
name = "referencing"
version = "0.36.2"
source = { registry = "https://pypi.org/simple" }
dependencies = [
    { name = "attrs" },
    { name = "rpds-py" },
]
sdist = { url = "https://files.pythonhosted.org/packages/2f/db/98b5c277be99dd18bfd91dd04e1b759cad18d1a338188c936e92f921c7e2/referencing-0.36.2.tar.gz", hash = "sha256:df2e89862cd09deabbdba16944cc3f10feb6b3e6f18e902f7cc25609a34775aa", size = 74744, upload-time = "2025-01-25T08:48:16.138Z" }
wheels = [
    { url = "https://files.pythonhosted.org/packages/c1/b1/3baf80dc6d2b7bc27a95a67752d0208e410351e3feb4eb78de5f77454d8d/referencing-0.36.2-py3-none-any.whl", hash = "sha256:e8699adbbf8b5c7de96d8ffa0eb5c158b3beafce084968e2ea8bb08c6794dcd0", size = 26775, upload-time = "2025-01-25T08:48:14.241Z" },
]

[[package]]
name = "rpds-py"
version = "0.26.0"
source = { registry = "https://pypi.org/simple" }
sdist = { url = "https://files.pythonhosted.org/packages/a5/aa/4456d84bbb54adc6a916fb10c9b374f78ac840337644e4a5eda229c81275/rpds_py-0.26.0.tar.gz", hash = "sha256:20dae58a859b0906f0685642e591056f1e787f3a8b39c8e8749a45dc7d26bdb0", size = 27385, upload-time = "2025-07-01T15:57:13.958Z" }
wheels = [
    { url = "https://files.pythonhosted.org/packages/6a/67/bb62d0109493b12b1c6ab00de7a5566aa84c0e44217c2d94bee1bd370da9/rpds_py-0.26.0-cp313-cp313-macosx_10_12_x86_64.whl", hash = "sha256:696764a5be111b036256c0b18cd29783fab22154690fc698062fc1b0084b511d", size = 363917, upload-time = "2025-07-01T15:54:34.755Z" },
    { url = "https://files.pythonhosted.org/packages/4b/f3/34e6ae1925a5706c0f002a8d2d7f172373b855768149796af87bd65dcdb9/rpds_py-0.26.0-cp313-cp313-macosx_11_0_arm64.whl", hash = "sha256:1e6c15d2080a63aaed876e228efe4f814bc7889c63b1e112ad46fdc8b368b9e1", size = 350073, upload-time = "2025-07-01T15:54:36.292Z" },
    { url = "https://files.pythonhosted.org/packages/75/83/1953a9d4f4e4de7fd0533733e041c28135f3c21485faaef56a8aadbd96b5/rpds_py-0.26.0-cp313-cp313-manylinux_2_17_aarch64.manylinux2014_aarch64.whl", hash = "sha256:390e3170babf42462739a93321e657444f0862c6d722a291accc46f9d21ed04e", size = 384214, upload-time = "2025-07-01T15:54:37.469Z" },
    { url = "https://files.pythonhosted.org/packages/48/0e/983ed1b792b3322ea1d065e67f4b230f3b96025f5ce3878cc40af09b7533/rpds_py-0.26.0-cp313-cp313-manylinux_2_17_armv7l.manylinux2014_armv7l.whl", hash = "sha256:7da84c2c74c0f5bc97d853d9e17bb83e2dcafcff0dc48286916001cc114379a1", size = 400113, upload-time = "2025-07-01T15:54:38.954Z" },
    { url = "https://files.pythonhosted.org/packages/69/7f/36c0925fff6f660a80be259c5b4f5e53a16851f946eb080351d057698528/rpds_py-0.26.0-cp313-cp313-manylinux_2_17_ppc64le.manylinux2014_ppc64le.whl", hash = "sha256:4c5fe114a6dd480a510b6d3661d09d67d1622c4bf20660a474507aaee7eeeee9", size = 515189, upload-time = "2025-07-01T15:54:40.57Z" },
    { url = "https://files.pythonhosted.org/packages/13/45/cbf07fc03ba7a9b54662c9badb58294ecfb24f828b9732970bd1a431ed5c/rpds_py-0.26.0-cp313-cp313-manylinux_2_17_s390x.manylinux2014_s390x.whl", hash = "sha256:3100b3090269f3a7ea727b06a6080d4eb7439dca4c0e91a07c5d133bb1727ea7", size = 406998, upload-time = "2025-07-01T15:54:43.025Z" },
    { url = "https://files.pythonhosted.org/packages/6c/b0/8fa5e36e58657997873fd6a1cf621285ca822ca75b4b3434ead047daa307/rpds_py-0.26.0-cp313-cp313-manylinux_2_17_x86_64.manylinux2014_x86_64.whl", hash = "sha256:2c03c9b0c64afd0320ae57de4c982801271c0c211aa2d37f3003ff5feb75bb04", size = 385903, upload-time = "2025-07-01T15:54:44.752Z" },
    { url = "https://files.pythonhosted.org/packages/4b/f7/b25437772f9f57d7a9fbd73ed86d0dcd76b4c7c6998348c070d90f23e315/rpds_py-0.26.0-cp313-cp313-manylinux_2_5_i686.manylinux1_i686.whl", hash = "sha256:5963b72ccd199ade6ee493723d18a3f21ba7d5b957017607f815788cef50eaf1", size = 419785, upload-time = "2025-07-01T15:54:46.043Z" },
    { url = "https://files.pythonhosted.org/packages/a7/6b/63ffa55743dfcb4baf2e9e77a0b11f7f97ed96a54558fcb5717a4b2cd732/rpds_py-0.26.0-cp313-cp313-musllinux_1_2_aarch64.whl", hash = "sha256:9da4e873860ad5bab3291438525cae80169daecbfafe5657f7f5fb4d6b3f96b9", size = 561329, upload-time = "2025-07-01T15:54:47.64Z" },
    { url = "https://files.pythonhosted.org/packages/2f/07/1f4f5e2886c480a2346b1e6759c00278b8a69e697ae952d82ae2e6ee5db0/rpds_py-0.26.0-cp313-cp313-musllinux_1_2_i686.whl", hash = "sha256:5afaddaa8e8c7f1f7b4c5c725c0070b6eed0228f705b90a1732a48e84350f4e9", size = 590875, upload-time = "2025-07-01T15:54:48.9Z" },
    { url = "https://files.pythonhosted.org/packages/cc/bc/e6639f1b91c3a55f8c41b47d73e6307051b6e246254a827ede730624c0f8/rpds_py-0.26.0-cp313-cp313-musllinux_1_2_x86_64.whl", hash = "sha256:4916dc96489616a6f9667e7526af8fa693c0fdb4f3acb0e5d9f4400eb06a47ba", size = 556636, upload-time = "2025-07-01T15:54:50.619Z" },
    { url = "https://files.pythonhosted.org/packages/05/4c/b3917c45566f9f9a209d38d9b54a1833f2bb1032a3e04c66f75726f28876/rpds_py-0.26.0-cp313-cp313-win32.whl", hash = "sha256:2a343f91b17097c546b93f7999976fd6c9d5900617aa848c81d794e062ab302b", size = 222663, upload-time = "2025-07-01T15:54:52.023Z" },
    { url = "https://files.pythonhosted.org/packages/e0/0b/0851bdd6025775aaa2365bb8de0697ee2558184c800bfef8d7aef5ccde58/rpds_py-0.26.0-cp313-cp313-win_amd64.whl", hash = "sha256:0a0b60701f2300c81b2ac88a5fb893ccfa408e1c4a555a77f908a2596eb875a5", size = 234428, upload-time = "2025-07-01T15:54:53.692Z" },
    { url = "https://files.pythonhosted.org/packages/ed/e8/a47c64ed53149c75fb581e14a237b7b7cd18217e969c30d474d335105622/rpds_py-0.26.0-cp313-cp313-win_arm64.whl", hash = "sha256:257d011919f133a4746958257f2c75238e3ff54255acd5e3e11f3ff41fd14256", size = 222571, upload-time = "2025-07-01T15:54:54.822Z" },
    { url = "https://files.pythonhosted.org/packages/89/bf/3d970ba2e2bcd17d2912cb42874107390f72873e38e79267224110de5e61/rpds_py-0.26.0-cp313-cp313t-macosx_10_12_x86_64.whl", hash = "sha256:529c8156d7506fba5740e05da8795688f87119cce330c244519cf706a4a3d618", size = 360475, upload-time = "2025-07-01T15:54:56.228Z" },
    { url = "https://files.pythonhosted.org/packages/82/9f/283e7e2979fc4ec2d8ecee506d5a3675fce5ed9b4b7cb387ea5d37c2f18d/rpds_py-0.26.0-cp313-cp313t-macosx_11_0_arm64.whl", hash = "sha256:f53ec51f9d24e9638a40cabb95078ade8c99251945dad8d57bf4aabe86ecee35", size = 346692, upload-time = "2025-07-01T15:54:58.561Z" },
    { url = "https://files.pythonhosted.org/packages/e3/03/7e50423c04d78daf391da3cc4330bdb97042fc192a58b186f2d5deb7befd/rpds_py-0.26.0-cp313-cp313t-manylinux_2_17_aarch64.manylinux2014_aarch64.whl", hash = "sha256:7ab504c4d654e4a29558eaa5bb8cea5fdc1703ea60a8099ffd9c758472cf913f", size = 379415, upload-time = "2025-07-01T15:54:59.751Z" },
    { url = "https://files.pythonhosted.org/packages/57/00/d11ee60d4d3b16808432417951c63df803afb0e0fc672b5e8d07e9edaaae/rpds_py-0.26.0-cp313-cp313t-manylinux_2_17_armv7l.manylinux2014_armv7l.whl", hash = "sha256:fd0641abca296bc1a00183fe44f7fced8807ed49d501f188faa642d0e4975b83", size = 391783, upload-time = "2025-07-01T15:55:00.898Z" },
    { url = "https://files.pythonhosted.org/packages/08/b3/1069c394d9c0d6d23c5b522e1f6546b65793a22950f6e0210adcc6f97c3e/rpds_py-0.26.0-cp313-cp313t-manylinux_2_17_ppc64le.manylinux2014_ppc64le.whl", hash = "sha256:69b312fecc1d017b5327afa81d4da1480f51c68810963a7336d92203dbb3d4f1", size = 512844, upload-time = "2025-07-01T15:55:02.201Z" },
    { url = "https://files.pythonhosted.org/packages/08/3b/c4fbf0926800ed70b2c245ceca99c49f066456755f5d6eb8863c2c51e6d0/rpds_py-0.26.0-cp313-cp313t-manylinux_2_17_s390x.manylinux2014_s390x.whl", hash = "sha256:c741107203954f6fc34d3066d213d0a0c40f7bb5aafd698fb39888af277c70d8", size = 402105, upload-time = "2025-07-01T15:55:03.698Z" },
    { url = "https://files.pythonhosted.org/packages/1c/b0/db69b52ca07413e568dae9dc674627a22297abb144c4d6022c6d78f1e5cc/rpds_py-0.26.0-cp313-cp313t-manylinux_2_17_x86_64.manylinux2014_x86_64.whl", hash = "sha256:fc3e55a7db08dc9a6ed5fb7103019d2c1a38a349ac41901f9f66d7f95750942f", size = 383440, upload-time = "2025-07-01T15:55:05.398Z" },
    { url = "https://files.pythonhosted.org/packages/4c/e1/c65255ad5b63903e56b3bb3ff9dcc3f4f5c3badde5d08c741ee03903e951/rpds_py-0.26.0-cp313-cp313t-manylinux_2_5_i686.manylinux1_i686.whl", hash = "sha256:9e851920caab2dbcae311fd28f4313c6953993893eb5c1bb367ec69d9a39e7ed", size = 412759, upload-time = "2025-07-01T15:55:08.316Z" },
    { url = "https://files.pythonhosted.org/packages/e4/22/bb731077872377a93c6e93b8a9487d0406c70208985831034ccdeed39c8e/rpds_py-0.26.0-cp313-cp313t-musllinux_1_2_aarch64.whl", hash = "sha256:dfbf280da5f876d0b00c81f26bedce274e72a678c28845453885a9b3c22ae632", size = 556032, upload-time = "2025-07-01T15:55:09.52Z" },
    { url = "https://files.pythonhosted.org/packages/e0/8b/393322ce7bac5c4530fb96fc79cc9ea2f83e968ff5f6e873f905c493e1c4/rpds_py-0.26.0-cp313-cp313t-musllinux_1_2_i686.whl", hash = "sha256:1cc81d14ddfa53d7f3906694d35d54d9d3f850ef8e4e99ee68bc0d1e5fed9a9c", size = 585416, upload-time = "2025-07-01T15:55:11.216Z" },
    { url = "https://files.pythonhosted.org/packages/49/ae/769dc372211835bf759319a7aae70525c6eb523e3371842c65b7ef41c9c6/rpds_py-0.26.0-cp313-cp313t-musllinux_1_2_x86_64.whl", hash = "sha256:dca83c498b4650a91efcf7b88d669b170256bf8017a5db6f3e06c2bf031f57e0", size = 554049, upload-time = "2025-07-01T15:55:13.004Z" },
    { url = "https://files.pythonhosted.org/packages/6b/f9/4c43f9cc203d6ba44ce3146246cdc38619d92c7bd7bad4946a3491bd5b70/rpds_py-0.26.0-cp313-cp313t-win32.whl", hash = "sha256:4d11382bcaf12f80b51d790dee295c56a159633a8e81e6323b16e55d81ae37e9", size = 218428, upload-time = "2025-07-01T15:55:14.486Z" },
    { url = "https://files.pythonhosted.org/packages/7e/8b/9286b7e822036a4a977f2f1e851c7345c20528dbd56b687bb67ed68a8ede/rpds_py-0.26.0-cp313-cp313t-win_amd64.whl", hash = "sha256:ff110acded3c22c033e637dd8896e411c7d3a11289b2edf041f86663dbc791e9", size = 231524, upload-time = "2025-07-01T15:55:15.745Z" },
    { url = "https://files.pythonhosted.org/packages/55/07/029b7c45db910c74e182de626dfdae0ad489a949d84a468465cd0ca36355/rpds_py-0.26.0-cp314-cp314-macosx_10_12_x86_64.whl", hash = "sha256:da619979df60a940cd434084355c514c25cf8eb4cf9a508510682f6c851a4f7a", size = 364292, upload-time = "2025-07-01T15:55:17.001Z" },
    { url = "https://files.pythonhosted.org/packages/13/d1/9b3d3f986216b4d1f584878dca15ce4797aaf5d372d738974ba737bf68d6/rpds_py-0.26.0-cp314-cp314-macosx_11_0_arm64.whl", hash = "sha256:ea89a2458a1a75f87caabefe789c87539ea4e43b40f18cff526052e35bbb4fdf", size = 350334, upload-time = "2025-07-01T15:55:18.922Z" },
    { url = "https://files.pythonhosted.org/packages/18/98/16d5e7bc9ec715fa9668731d0cf97f6b032724e61696e2db3d47aeb89214/rpds_py-0.26.0-cp314-cp314-manylinux_2_17_aarch64.manylinux2014_aarch64.whl", hash = "sha256:feac1045b3327a45944e7dcbeb57530339f6b17baff154df51ef8b0da34c8c12", size = 384875, upload-time = "2025-07-01T15:55:20.399Z" },
    { url = "https://files.pythonhosted.org/packages/f9/13/aa5e2b1ec5ab0e86a5c464d53514c0467bec6ba2507027d35fc81818358e/rpds_py-0.26.0-cp314-cp314-manylinux_2_17_armv7l.manylinux2014_armv7l.whl", hash = "sha256:b818a592bd69bfe437ee8368603d4a2d928c34cffcdf77c2e761a759ffd17d20", size = 399993, upload-time = "2025-07-01T15:55:21.729Z" },
    { url = "https://files.pythonhosted.org/packages/17/03/8021810b0e97923abdbab6474c8b77c69bcb4b2c58330777df9ff69dc559/rpds_py-0.26.0-cp314-cp314-manylinux_2_17_ppc64le.manylinux2014_ppc64le.whl", hash = "sha256:1a8b0dd8648709b62d9372fc00a57466f5fdeefed666afe3fea5a6c9539a0331", size = 516683, upload-time = "2025-07-01T15:55:22.918Z" },
    { url = "https://files.pythonhosted.org/packages/dc/b1/da8e61c87c2f3d836954239fdbbfb477bb7b54d74974d8f6fcb34342d166/rpds_py-0.26.0-cp314-cp314-manylinux_2_17_s390x.manylinux2014_s390x.whl", hash = "sha256:6d3498ad0df07d81112aa6ec6c95a7e7b1ae00929fb73e7ebee0f3faaeabad2f", size = 408825, upload-time = "2025-07-01T15:55:24.207Z" },
    { url = "https://files.pythonhosted.org/packages/38/bc/1fc173edaaa0e52c94b02a655db20697cb5fa954ad5a8e15a2c784c5cbdd/rpds_py-0.26.0-cp314-cp314-manylinux_2_17_x86_64.manylinux2014_x86_64.whl", hash = "sha256:24a4146ccb15be237fdef10f331c568e1b0e505f8c8c9ed5d67759dac58ac246", size = 387292, upload-time = "2025-07-01T15:55:25.554Z" },
    { url = "https://files.pythonhosted.org/packages/7c/eb/3a9bb4bd90867d21916f253caf4f0d0be7098671b6715ad1cead9fe7bab9/rpds_py-0.26.0-cp314-cp314-manylinux_2_5_i686.manylinux1_i686.whl", hash = "sha256:a9a63785467b2d73635957d32a4f6e73d5e4df497a16a6392fa066b753e87387", size = 420435, upload-time = "2025-07-01T15:55:27.798Z" },
    { url = "https://files.pythonhosted.org/packages/cd/16/e066dcdb56f5632713445271a3f8d3d0b426d51ae9c0cca387799df58b02/rpds_py-0.26.0-cp314-cp314-musllinux_1_2_aarch64.whl", hash = "sha256:de4ed93a8c91debfd5a047be327b7cc8b0cc6afe32a716bbbc4aedca9e2a83af", size = 562410, upload-time = "2025-07-01T15:55:29.057Z" },
    { url = "https://files.pythonhosted.org/packages/60/22/ddbdec7eb82a0dc2e455be44c97c71c232983e21349836ce9f272e8a3c29/rpds_py-0.26.0-cp314-cp314-musllinux_1_2_i686.whl", hash = "sha256:caf51943715b12af827696ec395bfa68f090a4c1a1d2509eb4e2cb69abbbdb33", size = 590724, upload-time = "2025-07-01T15:55:30.719Z" },
    { url = "https://files.pythonhosted.org/packages/2c/b4/95744085e65b7187d83f2fcb0bef70716a1ea0a9e5d8f7f39a86e5d83424/rpds_py-0.26.0-cp314-cp314-musllinux_1_2_x86_64.whl", hash = "sha256:4a59e5bc386de021f56337f757301b337d7ab58baa40174fb150accd480bc953", size = 558285, upload-time = "2025-07-01T15:55:31.981Z" },
    { url = "https://files.pythonhosted.org/packages/37/37/6309a75e464d1da2559446f9c811aa4d16343cebe3dbb73701e63f760caa/rpds_py-0.26.0-cp314-cp314-win32.whl", hash = "sha256:92c8db839367ef16a662478f0a2fe13e15f2227da3c1430a782ad0f6ee009ec9", size = 223459, upload-time = "2025-07-01T15:55:33.312Z" },
    { url = "https://files.pythonhosted.org/packages/d9/6f/8e9c11214c46098b1d1391b7e02b70bb689ab963db3b19540cba17315291/rpds_py-0.26.0-cp314-cp314-win_amd64.whl", hash = "sha256:b0afb8cdd034150d4d9f53926226ed27ad15b7f465e93d7468caaf5eafae0d37", size = 236083, upload-time = "2025-07-01T15:55:34.933Z" },
    { url = "https://files.pythonhosted.org/packages/47/af/9c4638994dd623d51c39892edd9d08e8be8220a4b7e874fa02c2d6e91955/rpds_py-0.26.0-cp314-cp314-win_arm64.whl", hash = "sha256:ca3f059f4ba485d90c8dc75cb5ca897e15325e4e609812ce57f896607c1c0867", size = 223291, upload-time = "2025-07-01T15:55:36.202Z" },
    { url = "https://files.pythonhosted.org/packages/4d/db/669a241144460474aab03e254326b32c42def83eb23458a10d163cb9b5ce/rpds_py-0.26.0-cp314-cp314t-macosx_10_12_x86_64.whl", hash = "sha256:5afea17ab3a126006dc2f293b14ffc7ef3c85336cf451564a0515ed7648033da", size = 361445, upload-time = "2025-07-01T15:55:37.483Z" },
    { url = "https://files.pythonhosted.org/packages/3b/2d/133f61cc5807c6c2fd086a46df0eb8f63a23f5df8306ff9f6d0fd168fecc/rpds_py-0.26.0-cp314-cp314t-macosx_11_0_arm64.whl", hash = "sha256:69f0c0a3df7fd3a7eec50a00396104bb9a843ea6d45fcc31c2d5243446ffd7a7", size = 347206, upload-time = "2025-07-01T15:55:38.828Z" },
    { url = "https://files.pythonhosted.org/packages/05/bf/0e8fb4c05f70273469eecf82f6ccf37248558526a45321644826555db31b/rpds_py-0.26.0-cp314-cp314t-manylinux_2_17_aarch64.manylinux2014_aarch64.whl", hash = "sha256:801a71f70f9813e82d2513c9a96532551fce1e278ec0c64610992c49c04c2dad", size = 380330, upload-time = "2025-07-01T15:55:40.175Z" },
    { url = "https://files.pythonhosted.org/packages/d4/a8/060d24185d8b24d3923322f8d0ede16df4ade226a74e747b8c7c978e3dd3/rpds_py-0.26.0-cp314-cp314t-manylinux_2_17_armv7l.manylinux2014_armv7l.whl", hash = "sha256:df52098cde6d5e02fa75c1f6244f07971773adb4a26625edd5c18fee906fa84d", size = 392254, upload-time = "2025-07-01T15:55:42.015Z" },
    { url = "https://files.pythonhosted.org/packages/b9/7b/7c2e8a9ee3e6bc0bae26bf29f5219955ca2fbb761dca996a83f5d2f773fe/rpds_py-0.26.0-cp314-cp314t-manylinux_2_17_ppc64le.manylinux2014_ppc64le.whl", hash = "sha256:9bc596b30f86dc6f0929499c9e574601679d0341a0108c25b9b358a042f51bca", size = 516094, upload-time = "2025-07-01T15:55:43.603Z" },
    { url = "https://files.pythonhosted.org/packages/75/d6/f61cafbed8ba1499b9af9f1777a2a199cd888f74a96133d8833ce5eaa9c5/rpds_py-0.26.0-cp314-cp314t-manylinux_2_17_s390x.manylinux2014_s390x.whl", hash = "sha256:9dfbe56b299cf5875b68eb6f0ebaadc9cac520a1989cac0db0765abfb3709c19", size = 402889, upload-time = "2025-07-01T15:55:45.275Z" },
    { url = "https://files.pythonhosted.org/packages/92/19/c8ac0a8a8df2dd30cdec27f69298a5c13e9029500d6d76718130f5e5be10/rpds_py-0.26.0-cp314-cp314t-manylinux_2_17_x86_64.manylinux2014_x86_64.whl", hash = "sha256:ac64f4b2bdb4ea622175c9ab7cf09444e412e22c0e02e906978b3b488af5fde8", size = 384301, upload-time = "2025-07-01T15:55:47.098Z" },
    { url = "https://files.pythonhosted.org/packages/41/e1/6b1859898bc292a9ce5776016c7312b672da00e25cec74d7beced1027286/rpds_py-0.26.0-cp314-cp314t-manylinux_2_5_i686.manylinux1_i686.whl", hash = "sha256:181ef9b6bbf9845a264f9aa45c31836e9f3c1f13be565d0d010e964c661d1e2b", size = 412891, upload-time = "2025-07-01T15:55:48.412Z" },
    { url = "https://files.pythonhosted.org/packages/ef/b9/ceb39af29913c07966a61367b3c08b4f71fad841e32c6b59a129d5974698/rpds_py-0.26.0-cp314-cp314t-musllinux_1_2_aarch64.whl", hash = "sha256:49028aa684c144ea502a8e847d23aed5e4c2ef7cadfa7d5eaafcb40864844b7a", size = 557044, upload-time = "2025-07-01T15:55:49.816Z" },
    { url = "https://files.pythonhosted.org/packages/2f/27/35637b98380731a521f8ec4f3fd94e477964f04f6b2f8f7af8a2d889a4af/rpds_py-0.26.0-cp314-cp314t-musllinux_1_2_i686.whl", hash = "sha256:e5d524d68a474a9688336045bbf76cb0def88549c1b2ad9dbfec1fb7cfbe9170", size = 585774, upload-time = "2025-07-01T15:55:51.192Z" },
    { url = "https://files.pythonhosted.org/packages/52/d9/3f0f105420fecd18551b678c9a6ce60bd23986098b252a56d35781b3e7e9/rpds_py-0.26.0-cp314-cp314t-musllinux_1_2_x86_64.whl", hash = "sha256:c1851f429b822831bd2edcbe0cfd12ee9ea77868f8d3daf267b189371671c80e", size = 554886, upload-time = "2025-07-01T15:55:52.541Z" },
    { url = "https://files.pythonhosted.org/packages/6b/c5/347c056a90dc8dd9bc240a08c527315008e1b5042e7a4cf4ac027be9d38a/rpds_py-0.26.0-cp314-cp314t-win32.whl", hash = "sha256:7bdb17009696214c3b66bb3590c6d62e14ac5935e53e929bcdbc5a495987a84f", size = 219027, upload-time = "2025-07-01T15:55:53.874Z" },
    { url = "https://files.pythonhosted.org/packages/75/04/5302cea1aa26d886d34cadbf2dc77d90d7737e576c0065f357b96dc7a1a6/rpds_py-0.26.0-cp314-cp314t-win_amd64.whl", hash = "sha256:f14440b9573a6f76b4ee4770c13f0b5921f71dde3b6fcb8dabbefd13b7fe05d7", size = 232821, upload-time = "2025-07-01T15:55:55.167Z" },
]

[[package]]
name = "ruff"
version = "0.12.7"
source = { registry = "https://pypi.org/simple" }
sdist = { url = "https://files.pythonhosted.org/packages/a1/81/0bd3594fa0f690466e41bd033bdcdf86cba8288345ac77ad4afbe5ec743a/ruff-0.12.7.tar.gz", hash = "sha256:1fc3193f238bc2d7968772c82831a4ff69252f673be371fb49663f0068b7ec71", size = 5197814, upload-time = "2025-07-29T22:32:35.877Z" }
wheels = [
    { url = "https://files.pythonhosted.org/packages/e1/d2/6cb35e9c85e7a91e8d22ab32ae07ac39cc34a71f1009a6f9e4a2a019e602/ruff-0.12.7-py3-none-linux_armv6l.whl", hash = "sha256:76e4f31529899b8c434c3c1dede98c4483b89590e15fb49f2d46183801565303", size = 11852189, upload-time = "2025-07-29T22:31:41.281Z" },
    { url = "https://files.pythonhosted.org/packages/63/5b/a4136b9921aa84638f1a6be7fb086f8cad0fde538ba76bda3682f2599a2f/ruff-0.12.7-py3-none-macosx_10_12_x86_64.whl", hash = "sha256:789b7a03e72507c54fb3ba6209e4bb36517b90f1a3569ea17084e3fd295500fb", size = 12519389, upload-time = "2025-07-29T22:31:54.265Z" },
    { url = "https://files.pythonhosted.org/packages/a8/c9/3e24a8472484269b6b1821794141f879c54645a111ded4b6f58f9ab0705f/ruff-0.12.7-py3-none-macosx_11_0_arm64.whl", hash = "sha256:2e1c2a3b8626339bb6369116e7030a4cf194ea48f49b64bb505732a7fce4f4e3", size = 11743384, upload-time = "2025-07-29T22:31:59.575Z" },
    { url = "https://files.pythonhosted.org/packages/26/7c/458dd25deeb3452c43eaee853c0b17a1e84169f8021a26d500ead77964fd/ruff-0.12.7-py3-none-manylinux_2_17_aarch64.manylinux2014_aarch64.whl", hash = "sha256:32dec41817623d388e645612ec70d5757a6d9c035f3744a52c7b195a57e03860", size = 11943759, upload-time = "2025-07-29T22:32:01.95Z" },
    { url = "https://files.pythonhosted.org/packages/7f/8b/658798472ef260ca050e400ab96ef7e85c366c39cf3dfbef4d0a46a528b6/ruff-0.12.7-py3-none-manylinux_2_17_armv7l.manylinux2014_armv7l.whl", hash = "sha256:47ef751f722053a5df5fa48d412dbb54d41ab9b17875c6840a58ec63ff0c247c", size = 11654028, upload-time = "2025-07-29T22:32:04.367Z" },
    { url = "https://files.pythonhosted.org/packages/a8/86/9c2336f13b2a3326d06d39178fd3448dcc7025f82514d1b15816fe42bfe8/ruff-0.12.7-py3-none-manylinux_2_17_i686.manylinux2014_i686.whl", hash = "sha256:a828a5fc25a3efd3e1ff7b241fd392686c9386f20e5ac90aa9234a5faa12c423", size = 13225209, upload-time = "2025-07-29T22:32:06.952Z" },
    { url = "https://files.pythonhosted.org/packages/76/69/df73f65f53d6c463b19b6b312fd2391dc36425d926ec237a7ed028a90fc1/ruff-0.12.7-py3-none-manylinux_2_17_ppc64.manylinux2014_ppc64.whl", hash = "sha256:5726f59b171111fa6a69d82aef48f00b56598b03a22f0f4170664ff4d8298efb", size = 14182353, upload-time = "2025-07-29T22:32:10.053Z" },
    { url = "https://files.pythonhosted.org/packages/58/1e/de6cda406d99fea84b66811c189b5ea139814b98125b052424b55d28a41c/ruff-0.12.7-py3-none-manylinux_2_17_ppc64le.manylinux2014_ppc64le.whl", hash = "sha256:74e6f5c04c4dd4aba223f4fe6e7104f79e0eebf7d307e4f9b18c18362124bccd", size = 13631555, upload-time = "2025-07-29T22:32:12.644Z" },
    { url = "https://files.pythonhosted.org/packages/6f/ae/625d46d5164a6cc9261945a5e89df24457dc8262539ace3ac36c40f0b51e/ruff-0.12.7-py3-none-manylinux_2_17_s390x.manylinux2014_s390x.whl", hash = "sha256:5d0bfe4e77fba61bf2ccadf8cf005d6133e3ce08793bbe870dd1c734f2699a3e", size = 12667556, upload-time = "2025-07-29T22:32:15.312Z" },
    { url = "https://files.pythonhosted.org/packages/55/bf/9cb1ea5e3066779e42ade8d0cd3d3b0582a5720a814ae1586f85014656b6/ruff-0.12.7-py3-none-manylinux_2_17_x86_64.manylinux2014_x86_64.whl", hash = "sha256:06bfb01e1623bf7f59ea749a841da56f8f653d641bfd046edee32ede7ff6c606", size = 12939784, upload-time = "2025-07-29T22:32:17.69Z" },
    { url = "https://files.pythonhosted.org/packages/55/7f/7ead2663be5627c04be83754c4f3096603bf5e99ed856c7cd29618c691bd/ruff-0.12.7-py3-none-musllinux_1_2_aarch64.whl", hash = "sha256:e41df94a957d50083fd09b916d6e89e497246698c3f3d5c681c8b3e7b9bb4ac8", size = 11771356, upload-time = "2025-07-29T22:32:20.134Z" },
    { url = "https://files.pythonhosted.org/packages/17/40/a95352ea16edf78cd3a938085dccc55df692a4d8ba1b3af7accbe2c806b0/ruff-0.12.7-py3-none-musllinux_1_2_armv7l.whl", hash = "sha256:4000623300563c709458d0ce170c3d0d788c23a058912f28bbadc6f905d67afa", size = 11612124, upload-time = "2025-07-29T22:32:22.645Z" },
    { url = "https://files.pythonhosted.org/packages/4d/74/633b04871c669e23b8917877e812376827c06df866e1677f15abfadc95cb/ruff-0.12.7-py3-none-musllinux_1_2_i686.whl", hash = "sha256:69ffe0e5f9b2cf2b8e289a3f8945b402a1b19eff24ec389f45f23c42a3dd6fb5", size = 12479945, upload-time = "2025-07-29T22:32:24.765Z" },
    { url = "https://files.pythonhosted.org/packages/be/34/c3ef2d7799c9778b835a76189c6f53c179d3bdebc8c65288c29032e03613/ruff-0.12.7-py3-none-musllinux_1_2_x86_64.whl", hash = "sha256:a07a5c8ffa2611a52732bdc67bf88e243abd84fe2d7f6daef3826b59abbfeda4", size = 12998677, upload-time = "2025-07-29T22:32:27.022Z" },
    { url = "https://files.pythonhosted.org/packages/77/ab/aca2e756ad7b09b3d662a41773f3edcbd262872a4fc81f920dc1ffa44541/ruff-0.12.7-py3-none-win32.whl", hash = "sha256:c928f1b2ec59fb77dfdf70e0419408898b63998789cc98197e15f560b9e77f77", size = 11756687, upload-time = "2025-07-29T22:32:29.381Z" },
    { url = "https://files.pythonhosted.org/packages/b4/71/26d45a5042bc71db22ddd8252ca9d01e9ca454f230e2996bb04f16d72799/ruff-0.12.7-py3-none-win_amd64.whl", hash = "sha256:9c18f3d707ee9edf89da76131956aba1270c6348bfee8f6c647de841eac7194f", size = 12912365, upload-time = "2025-07-29T22:32:31.517Z" },
    { url = "https://files.pythonhosted.org/packages/4c/9b/0b8aa09817b63e78d94b4977f18b1fcaead3165a5ee49251c5d5c245bb2d/ruff-0.12.7-py3-none-win_arm64.whl", hash = "sha256:dfce05101dbd11833a0776716d5d1578641b7fddb537fe7fa956ab85d1769b69", size = 11982083, upload-time = "2025-07-29T22:32:33.881Z" },
]

[[package]]
name = "sqlparse"
version = "0.5.3"
source = { registry = "https://pypi.org/simple" }
sdist = { url = "https://files.pythonhosted.org/packages/e5/40/edede8dd6977b0d3da179a342c198ed100dd2aba4be081861ee5911e4da4/sqlparse-0.5.3.tar.gz", hash = "sha256:09f67787f56a0b16ecdbde1bfc7f5d9c3371ca683cfeaa8e6ff60b4807ec9272", size = 84999, upload-time = "2024-12-10T12:05:30.728Z" }
wheels = [
    { url = "https://files.pythonhosted.org/packages/a9/5c/bfd6bd0bf979426d405cc6e71eceb8701b148b16c21d2dc3c261efc61c7b/sqlparse-0.5.3-py3-none-any.whl", hash = "sha256:cf2196ed3418f3ba5de6af7e82c694a9fbdbfecccdfc72e281548517081f16ca", size = 44415, upload-time = "2024-12-10T12:05:27.824Z" },
]

[[package]]
name = "task-manager-backend"
version = "0.1.0"
source = { virtual = "." }
dependencies = [
    { name = "django" },
    { name = "django-rest-framework" },
    { name = "drf-spectacular" },
]

[package.dev-dependencies]
dev = [
    { name = "django-types" },
    { name = "djangorestframework-types" },
    { name = "pyright" },
    { name = "pytest" },
    { name = "ruff" },
]

[package.metadata]
requires-dist = [
    { name = "django", specifier = ">=5.2.4" },
    { name = "django-rest-framework", specifier = ">=0.1.0" },
    { name = "drf-spectacular", specifier = ">=0.28.0" },
]

[package.metadata.requires-dev]
dev = [
    { name = "django-types", specifier = ">=0.22.0" },
    { name = "djangorestframework-types", specifier = ">=0.9.0" },
    { name = "pyright", specifier = ">=1.1.403" },
    { name = "pytest", specifier = ">=8.4.1" },
    { name = "ruff", specifier = ">=0.12.7" },
]

[[package]]
name = "types-psycopg2"
version = "2.9.21.20250718"
source = { registry = "https://pypi.org/simple" }
sdist = { url = "https://files.pythonhosted.org/packages/41/7c/d514803e4dbc5361c4b4600a143d6bd4fd593832bd8673f23423328bb26d/types_psycopg2-2.9.21.20250718.tar.gz", hash = "sha256:dc09a97272ef67e739e57b9f4740b761208f4514257e311c0b05c8c7a37d04b4", size = 26597, upload-time = "2025-07-18T03:22:39.09Z" }
wheels = [
    { url = "https://files.pythonhosted.org/packages/6d/df/9bb191e6e1662e8697d56fad044381df3bce2f5aabc57334063dc5a48907/types_psycopg2-2.9.21.20250718-py3-none-any.whl", hash = "sha256:bcf085d4293bda48f5943a46dadf0389b2f98f7e8007722f7e1c12ee0f541858", size = 24878, upload-time = "2025-07-18T03:22:37.798Z" },
]

[[package]]
name = "typing-extensions"
version = "4.14.1"
source = { registry = "https://pypi.org/simple" }
sdist = { url = "https://files.pythonhosted.org/packages/98/5a/da40306b885cc8c09109dc2e1abd358d5684b1425678151cdaed4731c822/typing_extensions-4.14.1.tar.gz", hash = "sha256:38b39f4aeeab64884ce9f74c94263ef78f3c22467c8724005483154c26648d36", size = 107673, upload-time = "2025-07-04T13:28:34.16Z" }
wheels = [
    { url = "https://files.pythonhosted.org/packages/b5/00/d631e67a838026495268c2f6884f3711a15a9a2a96cd244fdaea53b823fb/typing_extensions-4.14.1-py3-none-any.whl", hash = "sha256:d1e1e3b58374dc93031d6eda2420a48ea44a36c2b4766a4fdeb3710755731d76", size = 43906, upload-time = "2025-07-04T13:28:32.743Z" },
]

[[package]]
name = "tzdata"
version = "2025.2"
source = { registry = "https://pypi.org/simple" }
sdist = { url = "https://files.pythonhosted.org/packages/95/32/1a225d6164441be760d75c2c42e2780dc0873fe382da3e98a2e1e48361e5/tzdata-2025.2.tar.gz", hash = "sha256:b60a638fcc0daffadf82fe0f57e53d06bdec2f36c4df66280ae79bce6bd6f2b9", size = 196380, upload-time = "2025-03-23T13:54:43.652Z" }
wheels = [
    { url = "https://files.pythonhosted.org/packages/5c/23/c7abc0ca0a1526a0774eca151daeb8de62ec457e77262b66b359c3c7679e/tzdata-2025.2-py2.py3-none-any.whl", hash = "sha256:1a403fada01ff9221ca8044d701868fa132215d84beb92242d9acd2147f667a8", size = 347839, upload-time = "2025-03-23T13:54:41.845Z" },
]

[[package]]
name = "uritemplate"
version = "4.2.0"
source = { registry = "https://pypi.org/simple" }
sdist = { url = "https://files.pythonhosted.org/packages/98/60/f174043244c5306c9988380d2cb10009f91563fc4b31293d27e17201af56/uritemplate-4.2.0.tar.gz", hash = "sha256:480c2ed180878955863323eea31b0ede668795de182617fef9c6ca09e6ec9d0e", size = 33267, upload-time = "2025-06-02T15:12:06.318Z" }
wheels = [
    { url = "https://files.pythonhosted.org/packages/a9/99/3ae339466c9183ea5b8ae87b34c0b897eda475d2aec2307cae60e5cd4f29/uritemplate-4.2.0-py3-none-any.whl", hash = "sha256:962201ba1c4edcab02e60f9a0d3821e82dfc5d2d6662a21abd533879bdb8a686", size = 11488, upload-time = "2025-06-02T15:12:03.405Z" },
]
